// !$*UTF8*$!
{
	archiveVersion = 1;
	classes = {
	};
	objectVersion = 46;
	objects = {

/* Begin PBXBuildFile section */
		EF47F2671F0CBC67004A08D3 /* AppDelegate.swift in Sources */ = {isa = PBXBuildFile; fileRef = EF47F2661F0CBC67004A08D3 /* AppDelegate.swift */; };
		EF47F2691F0CBC67004A08D3 /* ViewController.swift in Sources */ = {isa = PBXBuildFile; fileRef = EF47F2681F0CBC67004A08D3 /* ViewController.swift */; };
		EF47F26C1F0CBC67004A08D3 /* Main.storyboard in Resources */ = {isa = PBXBuildFile; fileRef = EF47F26A1F0CBC67004A08D3 /* Main.storyboard */; };
		EF47F26E1F0CBC67004A08D3 /* Assets.xcassets in Resources */ = {isa = PBXBuildFile; fileRef = EF47F26D1F0CBC67004A08D3 /* Assets.xcassets */; };
		EF47F2711F0CBC67004A08D3 /* LaunchScreen.storyboard in Resources */ = {isa = PBXBuildFile; fileRef = EF47F26F1F0CBC67004A08D3 /* LaunchScreen.storyboard */; };
/* End PBXBuildFile section */

/* Begin PBXFileReference section */
		EF47F2631F0CBC67004A08D3 /* Test_Task2_DownloadImage.app */ = {isa = PBXFileReference; explicitFileType = wrapper.application; includeInIndex = 0; path = Test_Task2_DownloadImage.app; sourceTree = BUILT_PRODUCTS_DIR; };
		EF47F2661F0CBC67004A08D3 /* AppDelegate.swift */ = {isa = PBXFileReference; lastKnownFileType = sourcecode.swift; path = AppDelegate.swift; sourceTree = "<group>"; };
		EF47F2681F0CBC67004A08D3 /* ViewController.swift */ = {isa = PBXFileReference; lastKnownFileType = sourcecode.swift; path = ViewController.swift; sourceTree = "<group>"; };
		EF47F26B1F0CBC67004A08D3 /* Base */ = {isa = PBXFileReference; lastKnownFileType = file.storyboard; name = Base; path = Base.lproj/Main.storyboard; sourceTree = "<group>"; };
		EF47F26D1F0CBC67004A08D3 /* Assets.xcassets */ = {isa = PBXFileReference; lastKnownFileType = folder.assetcatalog; path = Assets.xcassets; sourceTree = "<group>"; };
		EF47F2701F0CBC67004A08D3 /* Base */ = {isa = PBXFileReference; lastKnownFileType = file.storyboard; name = Base; path = Base.lproj/LaunchScreen.storyboard; sourceTree = "<group>"; };
		EF47F2721F0CBC67004A08D3 /* Info.plist */ = {isa = PBXFileReference; lastKnownFileType = text.plist.xml; path = Info.plist; sourceTree = "<group>"; };
/* End PBXFileReference section */

/* Begin PBXFrameworksBuildPhase section */
		EF47F2601F0CBC67004A08D3 /* Frameworks */ = {
			isa = PBXFrameworksBuildPhase;
			buildActionMask = 2147483647;
			files = (
			);
			runOnlyForDeploymentPostprocessing = 0;
		};
/* End PBXFrameworksBuildPhase section */

/* Begin PBXGroup section */
		EF47F25A1F0CBC67004A08D3 = {
			isa = PBXGroup;
			children = (
				EF47F2651F0CBC67004A08D3 /* Test_Task2_DownloadImage */,
				EF47F2641F0CBC67004A08D3 /* Products */,
			);
			sourceTree = "<group>";
		};
		EF47F2641F0CBC67004A08D3 /* Products */ = {
			isa = PBXGroup;
			children = (
				EF47F2631F0CBC67004A08D3 /* Test_Task2_DownloadImage.app */,
			);
			name = Products;
			sourceTree = "<group>";
		};
		EF47F2651F0CBC67004A08D3 /* Test_Task2_DownloadImage */ = {
			isa = PBXGroup;
			children = (
				EF47F2661F0CBC67004A08D3 /* AppDelegate.swift */,
				EF47F2681F0CBC67004A08D3 /* ViewController.swift */,
				EF47F26A1F0CBC67004A08D3 /* Main.storyboard */,
				EF47F26D1F0CBC67004A08D3 /* Assets.xcassets */,
				EF47F26F1F0CBC67004A08D3 /* LaunchScreen.storyboard */,
				EF47F2721F0CBC67004A08D3 /* Info.plist */,
			);
			path = Test_Task2_DownloadImage;
			sourceTree = "<group>";
		};
/* End PBXGroup section */

/* Begin PBXNativeTarget section */
		EF47F2621F0CBC67004A08D3 /* Test_Task2_DownloadImage */ = {
			isa = PBXNativeTarget;
			buildConfigurationList = EF47F2751F0CBC67004A08D3 /* Build configuration list for PBXNativeTarget "Test_Task2_DownloadImage" */;
			buildPhases = (
				EF47F25F1F0CBC67004A08D3 /* Sources */,
				EF47F2601F0CBC67004A08D3 /* Frameworks */,
				EF47F2611F0CBC67004A08D3 /* Resources */,
			);
			buildRules = (
			);
			dependencies = (
			);
			name = Test_Task2_DownloadImage;
			productName = Test_Task2_DownloadImage;
			productReference = EF47F2631F0CBC67004A08D3 /* Test_Task2_DownloadImage.app */;
			productType = "com.apple.product-type.application";
		};
/* End PBXNativeTarget section */

/* Begin PBXProject section */
		EF47F25B1F0CBC67004A08D3 /* Project object */ = {
			isa = PBXProject;
			attributes = {
				LastSwiftUpdateCheck = 0830;
				LastUpgradeCheck = 0830;
				ORGANIZATIONNAME = cntt17;
				TargetAttributes = {
					EF47F2621F0CBC67004A08D3 = {
						CreatedOnToolsVersion = 8.3;
						ProvisioningStyle = Automatic;
					};
				};
			};
			buildConfigurationList = EF47F25E1F0CBC67004A08D3 /* Build configuration list for PBXProject "Test_Task2_DownloadImage" */;
			compatibilityVersion = "Xcode 3.2";
			developmentRegion = English;
			hasScannedForEncodings = 0;
			knownRegions = (
				en,
				Base,
			);
			mainGroup = EF47F25A1F0CBC67004A08D3;
			productRefGroup = EF47F2641F0CBC67004A08D3 /* Products */;
			projectDirPath = "";
			projectRoot = "";
			targets = (
				EF47F2621F0CBC67004A08D3 /* Test_Task2_DownloadImage */,
			);
		};
/* End PBXProject section */

/* Begin PBXResourcesBuildPhase section */
		EF47F2611F0CBC67004A08D3 /* Resources */ = {
			isa = PBXResourcesBuildPhase;
			buildActionMask = 2147483647;
			files = (
				EF47F2711F0CBC67004A08D3 /* LaunchScreen.storyboard in Resources */,
				EF47F26E1F0CBC67004A08D3 /* Assets.xcassets in Resources */,
				EF47F26C1F0CBC67004A08D3 /* Main.storyboard in Resources */,
			);
			runOnlyForDeploymentPostprocessing = 0;
		};
/* End PBXResourcesBuildPhase section */

/* Begin PBXSourcesBuildPhase section */
		EF47F25F1F0CBC67004A08D3 /* Sources */ = {
			isa = PBXSourcesBuildPhase;
			buildActionMask = 2147483647;
			files = (
				EF47F2691F0CBC67004A08D3 /* ViewController.swift in Sources */,
				EF47F2671F0CBC67004A08D3 /* AppDelegate.swift in Sources */,
			);
			runOnlyForDeploymentPostprocessing = 0;
		};
/* End PBXSourcesBuildPhase section */

/* Begin PBXVariantGroup section */
		EF47F26A1F0CBC67004A08D3 /* Main.storyboard */ = {
			isa = PBXVariantGroup;
			children = (
				EF47F26B1F0CBC67004A08D3 /* Base */,
			);
			name = Main.storyboard;
			sourceTree = "<group>";
		};
		EF47F26F1F0CBC67004A08D3 /* LaunchScreen.storyboard */ = {
			isa = PBXVariantGroup;
			children = (
				EF47F2701F0CBC67004A08D3 /* Base */,
			);
			name = LaunchScreen.storyboard;
			sourceTree = "<group>";
		};
/* End PBXVariantGroup section */

/* Begin XCBuildConfiguration section */
		EF47F2731F0CBC67004A08D3 /* Debug */ = {
			isa = XCBuildConfiguration;
			buildSettings = {
				ALWAYS_SEARCH_USER_PATHS = NO;
				CLANG_ANALYZER_NONNULL = YES;
				CLANG_ANALYZER_NUMBER_OBJECT_CONVERSION = YES_AGGRESSIVE;
				CLANG_CXX_LANGUAGE_STANDARD = "gnu++0x";
				CLANG_CXX_LIBRARY = "libc++";
				CLANG_ENABLE_MODULES = YES;
				CLANG_ENABLE_OBJC_ARC = YES;
				CLANG_WARN_BOOL_CONVERSION = YES;
				CLANG_WARN_CONSTANT_CONVERSION = YES;
				CLANG_WARN_DIRECT_OBJC_ISA_USAGE = YES_ERROR;
				CLANG_WARN_DOCUMENTATION_COMMENTS = YES;
				CLANG_WARN_EMPTY_BODY = YES;
				CLANG_WARN_ENUM_CONVERSION = YES;
				CLANG_WARN_INFINITE_RECURSION = YES;
				CLANG_WARN_INT_CONVERSION = YES;
				CLANG_WARN_OBJC_ROOT_CLASS = YES_ERROR;
				CLANG_WARN_SUSPICIOUS_MOVE = YES;
				CLANG_WARN_UNREACHABLE_CODE = YES;
				CLANG_WARN__DUPLICATE_METHOD_MATCH = YES;
				"CODE_SIGN_IDENTITY[sdk=iphoneos*]" = "iPhone Developer";
				COPY_PHASE_STRIP = NO;
				DEBUG_INFORMATION_FORMAT = dwarf;
				ENABLE_STRICT_OBJC_MSGSEND = YES;
				ENABLE_TESTABILITY = YES;
				GCC_C_LANGUAGE_STANDARD = gnu99;
				GCC_DYNAMIC_NO_PIC = NO;
				GCC_NO_COMMON_BLOCKS = YES;
				GCC_OPTIMIZATION_LEVEL = 0;
				GCC_PREPROCESSOR_DEFINITIONS = (
					"DEBUG=1",
					"$(inherited)",
				);
				GCC_WARN_64_TO_32_BIT_CONVERSION = YES;
				GCC_WARN_ABOUT_RETURN_TYPE = YES_ERROR;
				GCC_WARN_UNDECLARED_SELECTOR = YES;
				GCC_WARN_UNINITIALIZED_AUTOS = YES_AGGRESSIVE;
				GCC_WARN_UNUSED_FUNCTION = YES;
				GCC_WARN_UNUSED_VARIABLE = YES;
				IPHONEOS_DEPLOYMENT_TARGET = 10.3;
				MTL_ENABLE_DEBUG_INFO = YES;
				ONLY_ACTIVE_ARCH = YES;
				SDKROOT = iphoneos;
				SWIFT_ACTIVE_COMPILATION_CONDITIONS = DEBUG;
				SWIFT_OPTIMIZATION_LEVEL = "-Onone";
			};
			name = Debug;
		};
		EF47F2741F0CBC67004A08D3 /* Release */ = {
			isa = XCBuildConfiguration;
			buildSettings = {
				ALWAYS_SEARCH_USER_PATHS = NO;
				CLANG_ANALYZER_NONNULL = YES;
				CLANG_ANALYZER_NUMBER_OBJECT_CONVERSION = YES_AGGRESSIVE;
				CLANG_CXX_LANGUAGE_STANDARD = "gnu++0x";
				CLANG_CXX_LIBRARY = "libc++";
				CLANG_ENABLE_MODULES = YES;
				CLANG_ENABLE_OBJC_ARC = YES;
				CLANG_WARN_BOOL_CONVERSION = YES;
				CLANG_WARN_CONSTANT_CONVERSION = YES;
				CLANG_WARN_DIRECT_OBJC_ISA_USAGE = YES_ERROR;
				CLANG_WARN_DOCUMENTATION_COMMENTS = YES;
				CLANG_WARN_EMPTY_BODY = YES;
				CLANG_WARN_ENUM_CONVERSION = YES;
				CLANG_WARN_INFINITE_RECURSION = YES;
				CLANG_WARN_INT_CONVERSION = YES;
				CLANG_WARN_OBJC_ROOT_CLASS = YES_ERROR;
				CLANG_WARN_SUSPICIOUS_MOVE = YES;
				CLANG_WARN_UNREACHABLE_CODE = YES;
				CLANG_WARN__DUPLICATE_METHOD_MATCH = YES;
				"CODE_SIGN_IDENTITY[sdk=iphoneos*]" = "iPhone Developer";
				COPY_PHASE_STRIP = NO;
				DEBUG_INFORMATION_FORMAT = "dwarf-with-dsym";
				ENABLE_NS_ASSERTIONS = NO;
				ENABLE_STRICT_OBJC_MSGSEND = YES;
				GCC_C_LANGUAGE_STANDARD = gnu99;
				GCC_NO_COMMON_BLOCKS = YES;
				GCC_WARN_64_TO_32_BIT_CONVERSION = YES;
				GCC_WARN_ABOUT_RETURN_TYPE = YES_ERROR;
				GCC_WARN_UNDECLARED_SELECTOR = YES;
				GCC_WARN_UNINITIALIZED_AUTOS = YES_AGGRESSIVE;
				GCC_WARN_UNUSED_FUNCTION = YES;
				GCC_WARN_UNUSED_VARIABLE = YES;
				IPHONEOS_DEPLOYMENT_TARGET = 10.3;
				MTL_ENABLE_DEBUG_INFO = NO;
				SDKROOT = iphoneos;
				SWIFT_OPTIMIZATION_LEVEL = "-Owholemodule";
				VALIDATE_PRODUCT = YES;
			};
			name = Release;
		};
		EF47F2761F0CBC67004A08D3 /* Debug */ = {
			isa = XCBuildConfiguration;
			buildSettings = {
				ASSETCATALOG_COMPILER_APPICON_NAME = AppIcon;
				INFOPLIST_FILE = Test_Task2_DownloadImage/Info.plist;
				LD_RUNPATH_SEARCH_PATHS = "$(inherited) @executable_path/Frameworks";
				PRODUCT_BUNDLE_IDENTIFIER = "hcmute.Test-Task2-DownloadImage";
				PRODUCT_NAME = "$(TARGET_NAME)";
				SWIFT_VERSION = 3.0;
			};
			name = Debug;
		};
		EF47F2771F0CBC67004A08D3 /* Release */ = {
			isa = XCBuildConfiguration;
			buildSettings = {
				ASSETCATALOG_COMPILER_APPICON_NAME = AppIcon;
				INFOPLIST_FILE = Test_Task2_DownloadImage/Info.plist;
				LD_RUNPATH_SEARCH_PATHS = "$(inherited) @executable_path/Frameworks";
				PRODUCT_BUNDLE_IDENTIFIER = "hcmute.Test-Task2-DownloadImage";
				PRODUCT_NAME = "$(TARGET_NAME)";
				SWIFT_VERSION = 3.0;
			};
			name = Release;
		};
/* End XCBuildConfiguration section */

/* Begin XCConfigurationList section */
		EF47F25E1F0CBC67004A08D3 /* Build configuration list for PBXProject "Test_Task2_DownloadImage" */ = {
			isa = XCConfigurationList;
			buildConfigurations = (
				EF47F2731F0CBC67004A08D3 /* Debug */,
				EF47F2741F0CBC67004A08D3 /* Release */,
			);
			defaultConfigurationIsVisible = 0;
			defaultConfigurationName = Release;
		};
		EF47F2751F0CBC67004A08D3 /* Build configuration list for PBXNativeTarget "Test_Task2_DownloadImage" */ = {
			isa = XCConfigurationList;
			buildConfigurations = (
				EF47F2761F0CBC67004A08D3 /* Debug */,
				EF47F2771F0CBC67004A08D3 /* Release */,
			);
			defaultConfigurationIsVisible = 0;
		};
/* End XCConfigurationList section */
	};
	rootObject = EF47F25B1F0CBC67004A08D3 /* Project object */;
}
